
Microsoft Visual Studio Solution File, Format Version 12.00
# Visual Studio Version 17
VisualStudioVersion = 17.7.34031.279
MinimumVisualStudioVersion = 10.0.40219.1
Project("{8BC9CEB8-8B4A-11D0-8D11-00A0C91BC942}") = "Project1", "Project1\Project1.vcxproj", "{B088FDDE-3AC7-4811-ADD0-29876D7840F4}"
EndProject
Global
	GlobalSection(SolutionConfigurationPlatforms) = preSolution
		Debug|x64 = Debug|x64
		Debug|x86 = Debug|x86
		Release|x64 = Release|x64
		Release|x86 = Release|x86
	EndGlobalSection
	GlobalSection(ProjectConfigurationPlatforms) = postSolution
		{B088FDDE-3AC7-4811-ADD0-29876D7840F4}.Debug|x64.ActiveCfg = Debug|x64
		{B088FDDE-3AC7-4811-ADD0-29876D7840F4}.Debug|x64.Build.0 = Debug|x64
		{B088FDDE-3AC7-4811-ADD0-29876D7840F4}.Debug|x86.ActiveCfg = Debug|Win32
		{B088FDDE-3AC7-4811-ADD0-29876D7840F4}.Debug|x86.Build.0 = Debug|Win32
		{B088FDDE-3AC7-4811-ADD0-29876D7840F4}.Release|x64.ActiveCfg = Release|x64
		{B088FDDE-3AC7-4811-ADD0-29876D7840F4}.Release|x64.Build.0 = Release|x64
		{B088FDDE-3AC7-4811-ADD0-29876D7840F4}.Release|x86.ActiveCfg = Release|Win32
		{B088FDDE-3AC7-4811-ADD0-29876D7840F4}.Release|x86.Build.0 = Release|Win32
	EndGlobalSection
	GlobalSection(SolutionProperties) = preSolution
		HideSolutionNode = FALSE
	EndGlobalSection
	GlobalSection(ExtensibilityGlobals) = postSolution
		SolutionGuid = {D240F50C-C327-4D54-A98B-2784A1C05925}
	EndGlobalSection
EndGlobal
